
Microsoft Visual Studio Solution File, Format Version 12.00
# Visual Studio Version 17
VisualStudioVersion = 17.6.33815.320
MinimumVisualStudioVersion = 10.0.40219.1
Project("{FAE04EC0-301F-11D3-BF4B-00C04F79EFBC}") = "Modul2Unite2", "Modul2Unite2\Modul2Unite2.csproj", "{CC4C5CA7-0BB5-4F89-B71B-379A7AB9BF82}"
EndProject
Global
	GlobalSection(SolutionConfigurationPlatforms) = preSolution
		Debug|Any CPU = Debug|Any CPU
		Release|Any CPU = Release|Any CPU
	EndGlobalSection
	GlobalSection(ProjectConfigurationPlatforms) = postSolution
		{CC4C5CA7-0BB5-4F89-B71B-379A7AB9BF82}.Debug|Any CPU.ActiveCfg = Debug|Any CPU
		{CC4C5CA7-0BB5-4F89-B71B-379A7AB9BF82}.Debug|Any CPU.Build.0 = Debug|Any CPU
		{CC4C5CA7-0BB5-4F89-B71B-379A7AB9BF82}.Release|Any CPU.ActiveCfg = Release|Any CPU
		{CC4C5CA7-0BB5-4F89-B71B-379A7AB9BF82}.Release|Any CPU.Build.0 = Release|Any CPU
	EndGlobalSection
	GlobalSection(SolutionProperties) = preSolution
		HideSolutionNode = FALSE
	EndGlobalSection
	GlobalSection(ExtensibilityGlobals) = postSolution
		SolutionGuid = {C0257DE5-2C03-4E1D-9DA8-4D593305CC2F}
	EndGlobalSection
EndGlobal
