
Microsoft Visual Studio Solution File, Format Version 12.00
# Visual Studio Version 17
VisualStudioVersion = 17.6.33815.320
MinimumVisualStudioVersion = 10.0.40219.1
Project("{FAE04EC0-301F-11D3-BF4B-00C04F79EFBC}") = "Modul2Unite2", "Modul2Unite2\Modul2Unite2.csproj", "{5C2C788B-0B4A-4D91-A623-2AB8CEA92E42}"
EndProject
Global
	GlobalSection(SolutionConfigurationPlatforms) = preSolution
		Debug|Any CPU = Debug|Any CPU
		Release|Any CPU = Release|Any CPU
	EndGlobalSection
	GlobalSection(ProjectConfigurationPlatforms) = postSolution
		{5C2C788B-0B4A-4D91-A623-2AB8CEA92E42}.Debug|Any CPU.ActiveCfg = Debug|Any CPU
		{5C2C788B-0B4A-4D91-A623-2AB8CEA92E42}.Debug|Any CPU.Build.0 = Debug|Any CPU
		{5C2C788B-0B4A-4D91-A623-2AB8CEA92E42}.Release|Any CPU.ActiveCfg = Release|Any CPU
		{5C2C788B-0B4A-4D91-A623-2AB8CEA92E42}.Release|Any CPU.Build.0 = Release|Any CPU
	EndGlobalSection
	GlobalSection(SolutionProperties) = preSolution
		HideSolutionNode = FALSE
	EndGlobalSection
	GlobalSection(ExtensibilityGlobals) = postSolution
		SolutionGuid = {908E023C-7D2B-43C2-BF77-28A93CB9571A}
	EndGlobalSection
EndGlobal
